
Microsoft Visual Studio Solution File, Format Version 12.00
# Visual Studio Version 17
VisualStudioVersion = 17.0.32002.185
MinimumVisualStudioVersion = 10.0.40219.1
Project("{FAE04EC0-301F-11D3-BF4B-00C04F79EFBC}") = "BlazorGridInlineEditing", "BlazorGridInlineEditing\BlazorGridInlineEditing.csproj", "{44ECC705-6880-4567-AA0E-37D4CF164A96}"
EndProject
Global
	GlobalSection(SolutionConfigurationPlatforms) = preSolution
		Debug|Any CPU = Debug|Any CPU
		Release|Any CPU = Release|Any CPU
	EndGlobalSection
	GlobalSection(ProjectConfigurationPlatforms) = postSolution
		{44ECC705-6880-4567-AA0E-37D4CF164A96}.Debug|Any CPU.ActiveCfg = Debug|Any CPU
		{44ECC705-6880-4567-AA0E-37D4CF164A96}.Debug|Any CPU.Build.0 = Debug|Any CPU
		{44ECC705-6880-4567-AA0E-37D4CF164A96}.Release|Any CPU.ActiveCfg = Release|Any CPU
		{44ECC705-6880-4567-AA0E-37D4CF164A96}.Release|Any CPU.Build.0 = Release|Any CPU
	EndGlobalSection
	GlobalSection(SolutionProperties) = preSolution
		HideSolutionNode = FALSE
	EndGlobalSection
	GlobalSection(ExtensibilityGlobals) = postSolution
		SolutionGuid = {874795AC-29BD-49D8-AFA7-FA2D570B943B}
	EndGlobalSection
EndGlobal
