
Microsoft Visual Studio Solution File, Format Version 12.00
# Visual Studio Version 16
VisualStudioVersion = 16.0.30803.129
MinimumVisualStudioVersion = 10.0.40219.1
Project("{9A19103F-16F7-4668-BE54-9A1E7A4F7556}") = "BlazorGridInlineEditing", "BlazorGridInlineEditing\BlazorGridInlineEditing.csproj", "{B3F371E0-9DE0-4F5F-951C-19E71FFCE303}"
EndProject
Global
	GlobalSection(SolutionConfigurationPlatforms) = preSolution
		Debug|Any CPU = Debug|Any CPU
		Release|Any CPU = Release|Any CPU
	EndGlobalSection
	GlobalSection(ProjectConfigurationPlatforms) = postSolution
		{B3F371E0-9DE0-4F5F-951C-19E71FFCE303}.Debug|Any CPU.ActiveCfg = Debug|Any CPU
		{B3F371E0-9DE0-4F5F-951C-19E71FFCE303}.Debug|Any CPU.Build.0 = Debug|Any CPU
		{B3F371E0-9DE0-4F5F-951C-19E71FFCE303}.Release|Any CPU.ActiveCfg = Release|Any CPU
		{B3F371E0-9DE0-4F5F-951C-19E71FFCE303}.Release|Any CPU.Build.0 = Release|Any CPU
	EndGlobalSection
	GlobalSection(SolutionProperties) = preSolution
		HideSolutionNode = FALSE
	EndGlobalSection
	GlobalSection(ExtensibilityGlobals) = postSolution
		SolutionGuid = {39D77C0F-FCEF-48C9-9410-B2046738B6CB}
	EndGlobalSection
EndGlobal
